
Microsoft Visual Studio Solution File, Format Version 12.00
# Visual Studio 15
Project("{FAE04EC0-301F-11D3-BF4B-00C04F79EFBC}") = "Unity.Timeline", "Unity.Timeline.csproj", "{9C7B1DA7-9198-D8DC-F5F6-6062D2779941}"
EndProject
Project("{FAE04EC0-301F-11D3-BF4B-00C04F79EFBC}") = "Unity.RenderPipelines.GPUDriven.Runtime", "Unity.RenderPipelines.GPUDriven.Runtime.csproj", "{F2A9F0B2-CA38-F91E-9DB9-99A52A7F7222}"
EndProject
Project("{FAE04EC0-301F-11D3-BF4B-00C04F79EFBC}") = "Unity.ShaderGraph.Editor", "Unity.ShaderGraph.Editor.csproj", "{34CBE9D5-8F5F-7015-831F-0852ACA8D835}"
EndProject
Project("{FAE04EC0-301F-11D3-BF4B-00C04F79EFBC}") = "Unity.PlasticSCM.Editor", "Unity.PlasticSCM.Editor.csproj", "{2689AC63-41D2-5D20-8D0A-76A60F0E41EC}"
EndProject
Project("{FAE04EC0-301F-11D3-BF4B-00C04F79EFBC}") = "Unity.RenderPipelines.Core.Runtime", "Unity.RenderPipelines.Core.Runtime.csproj", "{07014011-14A8-DB26-2A39-19A3B06DDD70}"
EndProject
Project("{FAE04EC0-301F-11D3-BF4B-00C04F79EFBC}") = "Unity.Mathematics", "Unity.Mathematics.csproj", "{FE27AEBC-D0EB-1777-693A-ECF5C3CFF0C9}"
EndProject
Project("{FAE04EC0-301F-11D3-BF4B-00C04F79EFBC}") = "Unity.Timeline.Editor", "Unity.Timeline.Editor.csproj", "{DF743112-A1B0-7B07-393C-C38CC0B35BAB}"
EndProject
Project("{FAE04EC0-301F-11D3-BF4B-00C04F79EFBC}") = "Unity.RenderPipelines.Core.Editor", "Unity.RenderPipelines.Core.Editor.csproj", "{97078339-ADB3-C209-50A9-5C37DFB343B8}"
EndProject
Project("{FAE04EC0-301F-11D3-BF4B-00C04F79EFBC}") = "Unity.Collections", "Unity.Collections.csproj", "{05BD1C91-A4AB-65AA-ECAB-592E410DC112}"
EndProject
Project("{FAE04EC0-301F-11D3-BF4B-00C04F79EFBC}") = "UnityEngine.UI", "UnityEngine.UI.csproj", "{9B5EED0D-3539-693B-21B3-FCEA604A042A}"
EndProject
Project("{FAE04EC0-301F-11D3-BF4B-00C04F79EFBC}") = "Unity.RenderPipelines.Universal.2D.Runtime", "Unity.RenderPipelines.Universal.2D.Runtime.csproj", "{C832B918-44C8-A66A-9247-C89CB98BAD7C}"
EndProject
Project("{FAE04EC0-301F-11D3-BF4B-00C04F79EFBC}") = "Unity.VisualScripting.Core.Editor", "Unity.VisualScripting.Core.Editor.csproj", "{23B423E6-5D5D-284E-DF87-84580DEB3339}"
EndProject
Project("{FAE04EC0-301F-11D3-BF4B-00C04F79EFBC}") = "Unity.RenderPipelines.Universal.Editor", "Unity.RenderPipelines.Universal.Editor.csproj", "{5F55DB3B-5F13-A172-1088-AF1E2976ECB7}"
EndProject
Project("{FAE04EC0-301F-11D3-BF4B-00C04F79EFBC}") = "Unity.PerformanceTesting.Editor", "Unity.PerformanceTesting.Editor.csproj", "{4E8C6663-69BC-4D24-B4C0-EF5285A8146F}"
EndProject
Project("{FAE04EC0-301F-11D3-BF4B-00C04F79EFBC}") = "UnityEngine.TestRunner", "UnityEngine.TestRunner.csproj", "{AF512FD4-77C0-4D00-1107-D11985D565FC}"
EndProject
Project("{FAE04EC0-301F-11D3-BF4B-00C04F79EFBC}") = "Unity.Burst", "Unity.Burst.csproj", "{CD185A4E-2A98-FDA6-CEF3-44B8AC057567}"
EndProject
Project("{FAE04EC0-301F-11D3-BF4B-00C04F79EFBC}") = "Unity.VisualScripting.Flow.Editor", "Unity.VisualScripting.Flow.Editor.csproj", "{0C312118-7D61-2E4F-EB36-9C947C105C53}"
EndProject
Project("{FAE04EC0-301F-11D3-BF4B-00C04F79EFBC}") = "Unity.VisualStudio.Editor", "Unity.VisualStudio.Editor.csproj", "{1450E6B9-90B3-4081-87EA-ED21C74D32D9}"
EndProject
Project("{FAE04EC0-301F-11D3-BF4B-00C04F79EFBC}") = "Unity.InputSystem", "Unity.InputSystem.csproj", "{16DC4CAE-7FAA-501D-EAE0-4115B3146D9A}"
EndProject
Project("{FAE04EC0-301F-11D3-BF4B-00C04F79EFBC}") = "PPv2URPConverters", "PPv2URPConverters.csproj", "{8FDB29D7-7760-02A3-A924-2844E963AFE9}"
EndProject
Project("{FAE04EC0-301F-11D3-BF4B-00C04F79EFBC}") = "Assembly-CSharp", "Assembly-CSharp.csproj", "{FAF19922-D86E-A6A4-525A-2A939E243352}"
EndProject
Project("{FAE04EC0-301F-11D3-BF4B-00C04F79EFBC}") = "Unity.Searcher.Editor", "Unity.Searcher.Editor.csproj", "{1E6827B3-4935-263D-D874-9FC6DDB44768}"
EndProject
Project("{FAE04EC0-301F-11D3-BF4B-00C04F79EFBC}") = "UnityEditor.TestRunner", "UnityEditor.TestRunner.csproj", "{CCB878E0-0E37-8440-9C3B-BD103776B7D7}"
EndProject
Project("{FAE04EC0-301F-11D3-BF4B-00C04F79EFBC}") = "Unity.VisualScripting.Core", "Unity.VisualScripting.Core.csproj", "{ED938007-160F-3131-6BF7-E237B545495B}"
EndProject
Project("{FAE04EC0-301F-11D3-BF4B-00C04F79EFBC}") = "Unity.RenderPipelines.Universal.Runtime", "Unity.RenderPipelines.Universal.Runtime.csproj", "{5A1DC797-8968-FD3A-8DB4-F17753BB0FA5}"
EndProject
Project("{FAE04EC0-301F-11D3-BF4B-00C04F79EFBC}") = "Unity.AI.Navigation.Editor.ConversionSystem", "Unity.AI.Navigation.Editor.ConversionSystem.csproj", "{05C5FF0A-94F1-14A1-3576-798C7016C846}"
EndProject
Project("{FAE04EC0-301F-11D3-BF4B-00C04F79EFBC}") = "Unity.VisualScripting.State.Editor", "Unity.VisualScripting.State.Editor.csproj", "{A5CB7AE0-3CF6-AA5F-CDDC-31515C94F566}"
EndProject
Project("{FAE04EC0-301F-11D3-BF4B-00C04F79EFBC}") = "Unity.Burst.CodeGen", "Unity.Burst.CodeGen.csproj", "{7DDFDCF3-FA11-6242-AA5F-51AFA6CFE0C6}"
EndProject
Project("{FAE04EC0-301F-11D3-BF4B-00C04F79EFBC}") = "Unity.VisualScripting.Flow", "Unity.VisualScripting.Flow.csproj", "{68CF6CB6-EAEB-06EC-F4ED-62282C6FE7F7}"
EndProject
Project("{FAE04EC0-301F-11D3-BF4B-00C04F79EFBC}") = "Unity.PerformanceTesting", "Unity.PerformanceTesting.csproj", "{55EE5AB6-1D83-C29E-2A7F-C6ADB843378A}"
EndProject
Project("{FAE04EC0-301F-11D3-BF4B-00C04F79EFBC}") = "Unity.TextMeshPro", "Unity.TextMeshPro.csproj", "{BC0A381B-5422-B906-0351-072C8F34B06A}"
EndProject
Project("{FAE04EC0-301F-11D3-BF4B-00C04F79EFBC}") = "Unity.TextMeshPro.Editor", "Unity.TextMeshPro.Editor.csproj", "{50A95593-2401-E7AF-BAA4-A9C93EAD5F9F}"
EndProject
Project("{FAE04EC0-301F-11D3-BF4B-00C04F79EFBC}") = "Unity.Rendering.LightTransport.Runtime", "Unity.Rendering.LightTransport.Runtime.csproj", "{F2031312-17AF-A46E-AB83-FD4F4BADA341}"
EndProject
Project("{FAE04EC0-301F-11D3-BF4B-00C04F79EFBC}") = "Unity.Burst.Editor", "Unity.Burst.Editor.csproj", "{77F44E6C-3843-2719-ECD7-C80E25085DAD}"
EndProject
Project("{FAE04EC0-301F-11D3-BF4B-00C04F79EFBC}") = "Unity.Rider.Editor", "Unity.Rider.Editor.csproj", "{4D5256E4-778A-BB10-B475-0EAAEC9F970A}"
EndProject
Project("{FAE04EC0-301F-11D3-BF4B-00C04F79EFBC}") = "Unity.VisualScripting.State", "Unity.VisualScripting.State.csproj", "{32CB91DA-A536-1189-9C1F-7E183A20F760}"
EndProject
Project("{FAE04EC0-301F-11D3-BF4B-00C04F79EFBC}") = "Unity.AI.Navigation.Updater", "Unity.AI.Navigation.Updater.csproj", "{9A0078CD-7116-8747-6F1B-5EE2549418F9}"
EndProject
Project("{FAE04EC0-301F-11D3-BF4B-00C04F79EFBC}") = "UnityEditor.UI", "UnityEditor.UI.csproj", "{DB972A73-4ED3-E1B2-672C-2303F09935BC}"
EndProject
Project("{FAE04EC0-301F-11D3-BF4B-00C04F79EFBC}") = "Unity.AI.Navigation.Editor", "Unity.AI.Navigation.Editor.csproj", "{D9B52CCE-7CB1-7731-5FBA-C16AE2E046B8}"
EndProject
Project("{FAE04EC0-301F-11D3-BF4B-00C04F79EFBC}") = "Unity.InputSystem.ForUI", "Unity.InputSystem.ForUI.csproj", "{437D503B-E97B-944A-2B63-F370CD4A4A7D}"
EndProject
Project("{FAE04EC0-301F-11D3-BF4B-00C04F79EFBC}") = "Unity.AI.Navigation", "Unity.AI.Navigation.csproj", "{461F4B1E-25DE-AD59-5C2D-59D9B1EA284F}"
EndProject
Project("{FAE04EC0-301F-11D3-BF4B-00C04F79EFBC}") = "Unity.Collections.CodeGen", "Unity.Collections.CodeGen.csproj", "{7A880C6B-8922-D4E6-04D5-C5FC3FEF1D0D}"
EndProject
Project("{FAE04EC0-301F-11D3-BF4B-00C04F79EFBC}") = "Unity.Mathematics.Editor", "Unity.Mathematics.Editor.csproj", "{7478E72E-9637-5B0A-9D46-742E564EBC7B}"
EndProject
Project("{FAE04EC0-301F-11D3-BF4B-00C04F79EFBC}") = "Unity.VisualScripting.SettingsProvider.Editor", "Unity.VisualScripting.SettingsProvider.Editor.csproj", "{A36AA99F-321E-CAA2-416E-A3FF34D70870}"
EndProject
Project("{FAE04EC0-301F-11D3-BF4B-00C04F79EFBC}") = "Assembly-CSharp-Editor", "Assembly-CSharp-Editor.csproj", "{945C58D2-ED9F-8534-3852-5938FAE754F0}"
EndProject
Project("{FAE04EC0-301F-11D3-BF4B-00C04F79EFBC}") = "Unity.InputSystem.TestFramework", "Unity.InputSystem.TestFramework.csproj", "{C4F1FB3A-EC59-BF6A-2F9C-007BF53DC0BF}"
EndProject
Project("{FAE04EC0-301F-11D3-BF4B-00C04F79EFBC}") = "Unity.ShaderGraph.Utilities", "Unity.ShaderGraph.Utilities.csproj", "{A23877E2-6193-E094-9CC8-A35DB8E242FE}"
EndProject
Project("{FAE04EC0-301F-11D3-BF4B-00C04F79EFBC}") = "Unity.VisualScripting.Shared.Editor", "Unity.VisualScripting.Shared.Editor.csproj", "{52262F1A-AD5A-2C1A-8E6C-E386F229C008}"
EndProject
Project("{FAE04EC0-301F-11D3-BF4B-00C04F79EFBC}") = "Unity.RenderPipeline.Universal.ShaderLibrary", "Unity.RenderPipeline.Universal.ShaderLibrary.csproj", "{6F1B892A-6CDD-E8AA-8CD0-A987659350C5}"
EndProject
Project("{FAE04EC0-301F-11D3-BF4B-00C04F79EFBC}") = "Unity.CollabProxy.Editor", "Unity.CollabProxy.Editor.csproj", "{80DDF553-54D3-1D5E-E68C-E3A88D69661C}"
EndProject
Project("{FAE04EC0-301F-11D3-BF4B-00C04F79EFBC}") = "Unity.Rendering.LightTransport.Editor", "Unity.Rendering.LightTransport.Editor.csproj", "{6DA18413-F3DF-DEFB-8BC7-B0FAC9679E1E}"
EndProject
Project("{FAE04EC0-301F-11D3-BF4B-00C04F79EFBC}") = "Unity.RenderPipelines.Universal.Shaders", "Unity.RenderPipelines.Universal.Shaders.csproj", "{8CA9B2FE-5348-D6C6-F04F-DEA830CC6F0B}"
EndProject
Project("{FAE04EC0-301F-11D3-BF4B-00C04F79EFBC}") = "Unity.RenderPipelines.Core.Runtime.Shared", "Unity.RenderPipelines.Core.Runtime.Shared.csproj", "{0EF602CC-8FF0-859D-F6B2-1642DACDD6E9}"
EndProject
Project("{FAE04EC0-301F-11D3-BF4B-00C04F79EFBC}") = "Unity.Collections.Editor", "Unity.Collections.Editor.csproj", "{6E00C0B1-35FE-365D-7080-820376524789}"
EndProject
Project("{FAE04EC0-301F-11D3-BF4B-00C04F79EFBC}") = "Unity.RenderPipelines.Universal.Config.Runtime", "Unity.RenderPipelines.Universal.Config.Runtime.csproj", "{0AA7548C-A3ED-EAC2-772C-E7D597B6CA0C}"
EndProject
Project("{FAE04EC0-301F-11D3-BF4B-00C04F79EFBC}") = "Unity.RenderPipelines.ShaderGraph.ShaderGraphLibrary", "Unity.RenderPipelines.ShaderGraph.ShaderGraphLibrary.csproj", "{801AA665-32E0-0660-E07B-4A94E30FC0DF}"
EndProject
Project("{FAE04EC0-301F-11D3-BF4B-00C04F79EFBC}") = "Unity.RenderPipelines.Core.ShaderLibrary", "Unity.RenderPipelines.Core.ShaderLibrary.csproj", "{CFEF4AF1-AB7B-EFB1-26F6-8FD0A4F10039}"
EndProject
Project("{FAE04EC0-301F-11D3-BF4B-00C04F79EFBC}") = "Unity.RenderPipelines.Core.Editor.Shared", "Unity.RenderPipelines.Core.Editor.Shared.csproj", "{D1D7F2AB-DAA9-6CD0-D195-D46DC08776E6}"
EndProject
Project("{FAE04EC0-301F-11D3-BF4B-00C04F79EFBC}") = "Unity.Timeline", "Unity.Timeline.Player.csproj", "{E5ABF876-F4DB-00BE-D758-24E63B93C6E8}"
EndProject
Project("{FAE04EC0-301F-11D3-BF4B-00C04F79EFBC}") = "Unity.RenderPipelines.GPUDriven.Runtime", "Unity.RenderPipelines.GPUDriven.Runtime.Player.csproj", "{D5D24F3D-39EA-D9B3-EF71-6466F251DBFC}"
EndProject
Project("{FAE04EC0-301F-11D3-BF4B-00C04F79EFBC}") = "Unity.RenderPipelines.Core.Runtime", "Unity.RenderPipelines.Core.Runtime.Player.csproj", "{4ABAB668-AF15-1C68-8899-36CA56DD3995}"
EndProject
Project("{FAE04EC0-301F-11D3-BF4B-00C04F79EFBC}") = "Unity.Mathematics", "Unity.Mathematics.Player.csproj", "{F6EFAED2-6D48-2165-64FE-0C7E71270D69}"
EndProject
Project("{FAE04EC0-301F-11D3-BF4B-00C04F79EFBC}") = "Unity.Collections", "Unity.Collections.Player.csproj", "{802586D9-2784-4049-1542-5F260935878E}"
EndProject
Project("{FAE04EC0-301F-11D3-BF4B-00C04F79EFBC}") = "UnityEngine.UI", "UnityEngine.UI.Player.csproj", "{5DE05E18-51EB-277E-18C0-D04541EC38EF}"
EndProject
Project("{FAE04EC0-301F-11D3-BF4B-00C04F79EFBC}") = "Unity.RenderPipelines.Universal.2D.Runtime", "Unity.RenderPipelines.Universal.2D.Runtime.Player.csproj", "{39F5838F-8B13-E175-0879-9981F6FC0FE9}"
EndProject
Project("{FAE04EC0-301F-11D3-BF4B-00C04F79EFBC}") = "UnityEngine.TestRunner", "UnityEngine.TestRunner.Player.csproj", "{781AE14C-3AE2-BC06-B4E3-9272DBCC56E9}"
EndProject
Project("{FAE04EC0-301F-11D3-BF4B-00C04F79EFBC}") = "Unity.Burst", "Unity.Burst.Player.csproj", "{E00D10AC-EB7C-B2A3-8798-834282EDD693}"
EndProject
Project("{FAE04EC0-301F-11D3-BF4B-00C04F79EFBC}") = "Unity.InputSystem", "Unity.InputSystem.Player.csproj", "{B3BA43EB-45ED-A03F-44D6-CACC6C595D99}"
EndProject
Project("{FAE04EC0-301F-11D3-BF4B-00C04F79EFBC}") = "Assembly-CSharp", "Assembly-CSharp.Player.csproj", "{302C3193-05AE-E702-8BF2-EFE534BF2B71}"
EndProject
Project("{FAE04EC0-301F-11D3-BF4B-00C04F79EFBC}") = "Unity.VisualScripting.Core", "Unity.VisualScripting.Core.Player.csproj", "{545C611B-99E0-3234-BA56-4B2B3DDE0DEB}"
EndProject
Project("{FAE04EC0-301F-11D3-BF4B-00C04F79EFBC}") = "Unity.RenderPipelines.Universal.Runtime", "Unity.RenderPipelines.Universal.Runtime.Player.csproj", "{3FBBF5E6-4F62-3C99-5A89-AF7B57DCF470}"
EndProject
Project("{FAE04EC0-301F-11D3-BF4B-00C04F79EFBC}") = "Unity.VisualScripting.Flow", "Unity.VisualScripting.Flow.Player.csproj", "{FAEF9ED4-AB5B-AA4A-8561-62403220CAF1}"
EndProject
Project("{FAE04EC0-301F-11D3-BF4B-00C04F79EFBC}") = "Unity.PerformanceTesting", "Unity.PerformanceTesting.Player.csproj", "{B9AEC42E-D2EE-230B-D025-839F3E3C2E66}"
EndProject
Project("{FAE04EC0-301F-11D3-BF4B-00C04F79EFBC}") = "Unity.TextMeshPro", "Unity.TextMeshPro.Player.csproj", "{AB113603-B839-CE83-F25F-41EE9B15DA38}"
EndProject
Project("{FAE04EC0-301F-11D3-BF4B-00C04F79EFBC}") = "Unity.Rendering.LightTransport.Runtime", "Unity.Rendering.LightTransport.Runtime.Player.csproj", "{0E6AED2E-A74F-9367-0CC6-6725A9A4384A}"
EndProject
Project("{FAE04EC0-301F-11D3-BF4B-00C04F79EFBC}") = "Unity.VisualScripting.State", "Unity.VisualScripting.State.Player.csproj", "{947D3EF8-A2B8-7873-DF16-3C75B3C1AFCA}"
EndProject
Project("{FAE04EC0-301F-11D3-BF4B-00C04F79EFBC}") = "Unity.InputSystem.ForUI", "Unity.InputSystem.ForUI.Player.csproj", "{C52863DF-1B9F-44BB-F706-915EE45C4F02}"
EndProject
Project("{FAE04EC0-301F-11D3-BF4B-00C04F79EFBC}") = "Unity.AI.Navigation", "Unity.AI.Navigation.Player.csproj", "{D5D9EA78-8E4C-295C-3F1F-472841E64DD0}"
EndProject
Project("{FAE04EC0-301F-11D3-BF4B-00C04F79EFBC}") = "Unity.InputSystem.TestFramework", "Unity.InputSystem.TestFramework.Player.csproj", "{335A59A3-5F6E-5CD2-DB81-8B906C5AC40C}"
EndProject
Project("{FAE04EC0-301F-11D3-BF4B-00C04F79EFBC}") = "Unity.RenderPipeline.Universal.ShaderLibrary", "Unity.RenderPipeline.Universal.ShaderLibrary.Player.csproj", "{D3DD0C0F-BB5C-3B14-EF0A-BFD67F4F3A3E}"
EndProject
Project("{FAE04EC0-301F-11D3-BF4B-00C04F79EFBC}") = "Unity.RenderPipelines.Universal.Shaders", "Unity.RenderPipelines.Universal.Shaders.Player.csproj", "{48E12F43-0D84-AC77-94BF-4618252BFB87}"
EndProject
Project("{FAE04EC0-301F-11D3-BF4B-00C04F79EFBC}") = "Unity.RenderPipelines.Core.Runtime.Shared", "Unity.RenderPipelines.Core.Runtime.Shared.Player.csproj", "{BD659E4E-7976-AE0C-5C13-D86EA4908D08}"
EndProject
Project("{FAE04EC0-301F-11D3-BF4B-00C04F79EFBC}") = "Unity.RenderPipelines.Universal.Config.Runtime", "Unity.RenderPipelines.Universal.Config.Runtime.Player.csproj", "{0722FB91-A47A-5DF0-6388-B5010D347A85}"
EndProject
Project("{FAE04EC0-301F-11D3-BF4B-00C04F79EFBC}") = "Unity.RenderPipelines.ShaderGraph.ShaderGraphLibrary", "Unity.RenderPipelines.ShaderGraph.ShaderGraphLibrary.Player.csproj", "{D817AC6E-4562-107A-48DE-B65FEB938109}"
EndProject
Project("{FAE04EC0-301F-11D3-BF4B-00C04F79EFBC}") = "Unity.RenderPipelines.Core.ShaderLibrary", "Unity.RenderPipelines.Core.ShaderLibrary.Player.csproj", "{2AB593D4-5A61-2993-AEF7-7AF6509A5570}"
EndProject
Global
	GlobalSection(SolutionConfigurationPlatforms) = preSolution
		Debug|Any CPU = Debug|Any CPU
		Release|Any CPU = Release|Any CPU
	EndGlobalSection
	GlobalSection(ProjectConfigurationPlatforms) = postSolution
		{9C7B1DA7-9198-D8DC-F5F6-6062D2779941}.Debug|Any CPU.ActiveCfg = Debug|Any CPU
		{9C7B1DA7-9198-D8DC-F5F6-6062D2779941}.Debug|Any CPU.Build.0 = Debug|Any CPU
		{9C7B1DA7-9198-D8DC-F5F6-6062D2779941}.Release|Any CPU.ActiveCfg = Release|Any CPU
		{9C7B1DA7-9198-D8DC-F5F6-6062D2779941}.Release|Any CPU.Build.0 = Release|Any CPU
		{F2A9F0B2-CA38-F91E-9DB9-99A52A7F7222}.Debug|Any CPU.ActiveCfg = Debug|Any CPU
		{F2A9F0B2-CA38-F91E-9DB9-99A52A7F7222}.Debug|Any CPU.Build.0 = Debug|Any CPU
		{F2A9F0B2-CA38-F91E-9DB9-99A52A7F7222}.Release|Any CPU.ActiveCfg = Release|Any CPU
		{F2A9F0B2-CA38-F91E-9DB9-99A52A7F7222}.Release|Any CPU.Build.0 = Release|Any CPU
		{34CBE9D5-8F5F-7015-831F-0852ACA8D835}.Debug|Any CPU.ActiveCfg = Debug|Any CPU
		{34CBE9D5-8F5F-7015-831F-0852ACA8D835}.Debug|Any CPU.Build.0 = Debug|Any CPU
		{34CBE9D5-8F5F-7015-831F-0852ACA8D835}.Release|Any CPU.ActiveCfg = Release|Any CPU
		{34CBE9D5-8F5F-7015-831F-0852ACA8D835}.Release|Any CPU.Build.0 = Release|Any CPU
		{2689AC63-41D2-5D20-8D0A-76A60F0E41EC}.Debug|Any CPU.ActiveCfg = Debug|Any CPU
		{2689AC63-41D2-5D20-8D0A-76A60F0E41EC}.Debug|Any CPU.Build.0 = Debug|Any CPU
		{2689AC63-41D2-5D20-8D0A-76A60F0E41EC}.Release|Any CPU.ActiveCfg = Release|Any CPU
		{2689AC63-41D2-5D20-8D0A-76A60F0E41EC}.Release|Any CPU.Build.0 = Release|Any CPU
		{07014011-14A8-DB26-2A39-19A3B06DDD70}.Debug|Any CPU.ActiveCfg = Debug|Any CPU
		{07014011-14A8-DB26-2A39-19A3B06DDD70}.Debug|Any CPU.Build.0 = Debug|Any CPU
		{07014011-14A8-DB26-2A39-19A3B06DDD70}.Release|Any CPU.ActiveCfg = Release|Any CPU
		{07014011-14A8-DB26-2A39-19A3B06DDD70}.Release|Any CPU.Build.0 = Release|Any CPU
		{FE27AEBC-D0EB-1777-693A-ECF5C3CFF0C9}.Debug|Any CPU.ActiveCfg = Debug|Any CPU
		{FE27AEBC-D0EB-1777-693A-ECF5C3CFF0C9}.Debug|Any CPU.Build.0 = Debug|Any CPU
		{FE27AEBC-D0EB-1777-693A-ECF5C3CFF0C9}.Release|Any CPU.ActiveCfg = Release|Any CPU
		{FE27AEBC-D0EB-1777-693A-ECF5C3CFF0C9}.Release|Any CPU.Build.0 = Release|Any CPU
		{DF743112-A1B0-7B07-393C-C38CC0B35BAB}.Debug|Any CPU.ActiveCfg = Debug|Any CPU
		{DF743112-A1B0-7B07-393C-C38CC0B35BAB}.Debug|Any CPU.Build.0 = Debug|Any CPU
		{DF743112-A1B0-7B07-393C-C38CC0B35BAB}.Release|Any CPU.ActiveCfg = Release|Any CPU
		{DF743112-A1B0-7B07-393C-C38CC0B35BAB}.Release|Any CPU.Build.0 = Release|Any CPU
		{97078339-ADB3-C209-50A9-5C37DFB343B8}.Debug|Any CPU.ActiveCfg = Debug|Any CPU
		{97078339-ADB3-C209-50A9-5C37DFB343B8}.Debug|Any CPU.Build.0 = Debug|Any CPU
		{97078339-ADB3-C209-50A9-5C37DFB343B8}.Release|Any CPU.ActiveCfg = Release|Any CPU
		{97078339-ADB3-C209-50A9-5C37DFB343B8}.Release|Any CPU.Build.0 = Release|Any CPU
		{05BD1C91-A4AB-65AA-ECAB-592E410DC112}.Debug|Any CPU.ActiveCfg = Debug|Any CPU
		{05BD1C91-A4AB-65AA-ECAB-592E410DC112}.Debug|Any CPU.Build.0 = Debug|Any CPU
		{05BD1C91-A4AB-65AA-ECAB-592E410DC112}.Release|Any CPU.ActiveCfg = Release|Any CPU
		{05BD1C91-A4AB-65AA-ECAB-592E410DC112}.Release|Any CPU.Build.0 = Release|Any CPU
		{9B5EED0D-3539-693B-21B3-FCEA604A042A}.Debug|Any CPU.ActiveCfg = Debug|Any CPU
		{9B5EED0D-3539-693B-21B3-FCEA604A042A}.Debug|Any CPU.Build.0 = Debug|Any CPU
		{9B5EED0D-3539-693B-21B3-FCEA604A042A}.Release|Any CPU.ActiveCfg = Release|Any CPU
		{9B5EED0D-3539-693B-21B3-FCEA604A042A}.Release|Any CPU.Build.0 = Release|Any CPU
		{C832B918-44C8-A66A-9247-C89CB98BAD7C}.Debug|Any CPU.ActiveCfg = Debug|Any CPU
		{C832B918-44C8-A66A-9247-C89CB98BAD7C}.Debug|Any CPU.Build.0 = Debug|Any CPU
		{C832B918-44C8-A66A-9247-C89CB98BAD7C}.Release|Any CPU.ActiveCfg = Release|Any CPU
		{C832B918-44C8-A66A-9247-C89CB98BAD7C}.Release|Any CPU.Build.0 = Release|Any CPU
		{23B423E6-5D5D-284E-DF87-84580DEB3339}.Debug|Any CPU.ActiveCfg = Debug|Any CPU
		{23B423E6-5D5D-284E-DF87-84580DEB3339}.Debug|Any CPU.Build.0 = Debug|Any CPU
		{23B423E6-5D5D-284E-DF87-84580DEB3339}.Release|Any CPU.ActiveCfg = Release|Any CPU
		{23B423E6-5D5D-284E-DF87-84580DEB3339}.Release|Any CPU.Build.0 = Release|Any CPU
		{5F55DB3B-5F13-A172-1088-AF1E2976ECB7}.Debug|Any CPU.ActiveCfg = Debug|Any CPU
		{5F55DB3B-5F13-A172-1088-AF1E2976ECB7}.Debug|Any CPU.Build.0 = Debug|Any CPU
		{5F55DB3B-5F13-A172-1088-AF1E2976ECB7}.Release|Any CPU.ActiveCfg = Release|Any CPU
		{5F55DB3B-5F13-A172-1088-AF1E2976ECB7}.Release|Any CPU.Build.0 = Release|Any CPU
		{4E8C6663-69BC-4D24-B4C0-EF5285A8146F}.Debug|Any CPU.ActiveCfg = Debug|Any CPU
		{4E8C6663-69BC-4D24-B4C0-EF5285A8146F}.Debug|Any CPU.Build.0 = Debug|Any CPU
		{4E8C6663-69BC-4D24-B4C0-EF5285A8146F}.Release|Any CPU.ActiveCfg = Release|Any CPU
		{4E8C6663-69BC-4D24-B4C0-EF5285A8146F}.Release|Any CPU.Build.0 = Release|Any CPU
		{AF512FD4-77C0-4D00-1107-D11985D565FC}.Debug|Any CPU.ActiveCfg = Debug|Any CPU
		{AF512FD4-77C0-4D00-1107-D11985D565FC}.Debug|Any CPU.Build.0 = Debug|Any CPU
		{AF512FD4-77C0-4D00-1107-D11985D565FC}.Release|Any CPU.ActiveCfg = Release|Any CPU
		{AF512FD4-77C0-4D00-1107-D11985D565FC}.Release|Any CPU.Build.0 = Release|Any CPU
		{CD185A4E-2A98-FDA6-CEF3-44B8AC057567}.Debug|Any CPU.ActiveCfg = Debug|Any CPU
		{CD185A4E-2A98-FDA6-CEF3-44B8AC057567}.Debug|Any CPU.Build.0 = Debug|Any CPU
		{CD185A4E-2A98-FDA6-CEF3-44B8AC057567}.Release|Any CPU.ActiveCfg = Release|Any CPU
		{CD185A4E-2A98-FDA6-CEF3-44B8AC057567}.Release|Any CPU.Build.0 = Release|Any CPU
		{0C312118-7D61-2E4F-EB36-9C947C105C53}.Debug|Any CPU.ActiveCfg = Debug|Any CPU
		{0C312118-7D61-2E4F-EB36-9C947C105C53}.Debug|Any CPU.Build.0 = Debug|Any CPU
		{0C312118-7D61-2E4F-EB36-9C947C105C53}.Release|Any CPU.ActiveCfg = Release|Any CPU
		{0C312118-7D61-2E4F-EB36-9C947C105C53}.Release|Any CPU.Build.0 = Release|Any CPU
		{1450E6B9-90B3-4081-87EA-ED21C74D32D9}.Debug|Any CPU.ActiveCfg = Debug|Any CPU
		{1450E6B9-90B3-4081-87EA-ED21C74D32D9}.Debug|Any CPU.Build.0 = Debug|Any CPU
		{1450E6B9-90B3-4081-87EA-ED21C74D32D9}.Release|Any CPU.ActiveCfg = Release|Any CPU
		{1450E6B9-90B3-4081-87EA-ED21C74D32D9}.Release|Any CPU.Build.0 = Release|Any CPU
		{16DC4CAE-7FAA-501D-EAE0-4115B3146D9A}.Debug|Any CPU.ActiveCfg = Debug|Any CPU
		{16DC4CAE-7FAA-501D-EAE0-4115B3146D9A}.Debug|Any CPU.Build.0 = Debug|Any CPU
		{16DC4CAE-7FAA-501D-EAE0-4115B3146D9A}.Release|Any CPU.ActiveCfg = Release|Any CPU
		{16DC4CAE-7FAA-501D-EAE0-4115B3146D9A}.Release|Any CPU.Build.0 = Release|Any CPU
		{8FDB29D7-7760-02A3-A924-2844E963AFE9}.Debug|Any CPU.ActiveCfg = Debug|Any CPU
		{8FDB29D7-7760-02A3-A924-2844E963AFE9}.Debug|Any CPU.Build.0 = Debug|Any CPU
		{8FDB29D7-7760-02A3-A924-2844E963AFE9}.Release|Any CPU.ActiveCfg = Release|Any CPU
		{8FDB29D7-7760-02A3-A924-2844E963AFE9}.Release|Any CPU.Build.0 = Release|Any CPU
		{FAF19922-D86E-A6A4-525A-2A939E243352}.Debug|Any CPU.ActiveCfg = Debug|Any CPU
		{FAF19922-D86E-A6A4-525A-2A939E243352}.Debug|Any CPU.Build.0 = Debug|Any CPU
		{FAF19922-D86E-A6A4-525A-2A939E243352}.Release|Any CPU.ActiveCfg = Release|Any CPU
		{FAF19922-D86E-A6A4-525A-2A939E243352}.Release|Any CPU.Build.0 = Release|Any CPU
		{1E6827B3-4935-263D-D874-9FC6DDB44768}.Debug|Any CPU.ActiveCfg = Debug|Any CPU
		{1E6827B3-4935-263D-D874-9FC6DDB44768}.Debug|Any CPU.Build.0 = Debug|Any CPU
		{1E6827B3-4935-263D-D874-9FC6DDB44768}.Release|Any CPU.ActiveCfg = Release|Any CPU
		{1E6827B3-4935-263D-D874-9FC6DDB44768}.Release|Any CPU.Build.0 = Release|Any CPU
		{CCB878E0-0E37-8440-9C3B-BD103776B7D7}.Debug|Any CPU.ActiveCfg = Debug|Any CPU
		{CCB878E0-0E37-8440-9C3B-BD103776B7D7}.Debug|Any CPU.Build.0 = Debug|Any CPU
		{CCB878E0-0E37-8440-9C3B-BD103776B7D7}.Release|Any CPU.ActiveCfg = Release|Any CPU
		{CCB878E0-0E37-8440-9C3B-BD103776B7D7}.Release|Any CPU.Build.0 = Release|Any CPU
		{ED938007-160F-3131-6BF7-E237B545495B}.Debug|Any CPU.ActiveCfg = Debug|Any CPU
		{ED938007-160F-3131-6BF7-E237B545495B}.Debug|Any CPU.Build.0 = Debug|Any CPU
		{ED938007-160F-3131-6BF7-E237B545495B}.Release|Any CPU.ActiveCfg = Release|Any CPU
		{ED938007-160F-3131-6BF7-E237B545495B}.Release|Any CPU.Build.0 = Release|Any CPU
		{5A1DC797-8968-FD3A-8DB4-F17753BB0FA5}.Debug|Any CPU.ActiveCfg = Debug|Any CPU
		{5A1DC797-8968-FD3A-8DB4-F17753BB0FA5}.Debug|Any CPU.Build.0 = Debug|Any CPU
		{5A1DC797-8968-FD3A-8DB4-F17753BB0FA5}.Release|Any CPU.ActiveCfg = Release|Any CPU
		{5A1DC797-8968-FD3A-8DB4-F17753BB0FA5}.Release|Any CPU.Build.0 = Release|Any CPU
		{05C5FF0A-94F1-14A1-3576-798C7016C846}.Debug|Any CPU.ActiveCfg = Debug|Any CPU
		{05C5FF0A-94F1-14A1-3576-798C7016C846}.Debug|Any CPU.Build.0 = Debug|Any CPU
		{05C5FF0A-94F1-14A1-3576-798C7016C846}.Release|Any CPU.ActiveCfg = Release|Any CPU
		{05C5FF0A-94F1-14A1-3576-798C7016C846}.Release|Any CPU.Build.0 = Release|Any CPU
		{A5CB7AE0-3CF6-AA5F-CDDC-31515C94F566}.Debug|Any CPU.ActiveCfg = Debug|Any CPU
		{A5CB7AE0-3CF6-AA5F-CDDC-31515C94F566}.Debug|Any CPU.Build.0 = Debug|Any CPU
		{A5CB7AE0-3CF6-AA5F-CDDC-31515C94F566}.Release|Any CPU.ActiveCfg = Release|Any CPU
		{A5CB7AE0-3CF6-AA5F-CDDC-31515C94F566}.Release|Any CPU.Build.0 = Release|Any CPU
		{7DDFDCF3-FA11-6242-AA5F-51AFA6CFE0C6}.Debug|Any CPU.ActiveCfg = Debug|Any CPU
		{7DDFDCF3-FA11-6242-AA5F-51AFA6CFE0C6}.Debug|Any CPU.Build.0 = Debug|Any CPU
		{7DDFDCF3-FA11-6242-AA5F-51AFA6CFE0C6}.Release|Any CPU.ActiveCfg = Release|Any CPU
		{7DDFDCF3-FA11-6242-AA5F-51AFA6CFE0C6}.Release|Any CPU.Build.0 = Release|Any CPU
		{68CF6CB6-EAEB-06EC-F4ED-62282C6FE7F7}.Debug|Any CPU.ActiveCfg = Debug|Any CPU
		{68CF6CB6-EAEB-06EC-F4ED-62282C6FE7F7}.Debug|Any CPU.Build.0 = Debug|Any CPU
		{68CF6CB6-EAEB-06EC-F4ED-62282C6FE7F7}.Release|Any CPU.ActiveCfg = Release|Any CPU
		{68CF6CB6-EAEB-06EC-F4ED-62282C6FE7F7}.Release|Any CPU.Build.0 = Release|Any CPU
		{55EE5AB6-1D83-C29E-2A7F-C6ADB843378A}.Debug|Any CPU.ActiveCfg = Debug|Any CPU
		{55EE5AB6-1D83-C29E-2A7F-C6ADB843378A}.Debug|Any CPU.Build.0 = Debug|Any CPU
		{55EE5AB6-1D83-C29E-2A7F-C6ADB843378A}.Release|Any CPU.ActiveCfg = Release|Any CPU
		{55EE5AB6-1D83-C29E-2A7F-C6ADB843378A}.Release|Any CPU.Build.0 = Release|Any CPU
		{BC0A381B-5422-B906-0351-072C8F34B06A}.Debug|Any CPU.ActiveCfg = Debug|Any CPU
		{BC0A381B-5422-B906-0351-072C8F34B06A}.Debug|Any CPU.Build.0 = Debug|Any CPU
		{BC0A381B-5422-B906-0351-072C8F34B06A}.Release|Any CPU.ActiveCfg = Release|Any CPU
		{BC0A381B-5422-B906-0351-072C8F34B06A}.Release|Any CPU.Build.0 = Release|Any CPU
		{50A95593-2401-E7AF-BAA4-A9C93EAD5F9F}.Debug|Any CPU.ActiveCfg = Debug|Any CPU
		{50A95593-2401-E7AF-BAA4-A9C93EAD5F9F}.Debug|Any CPU.Build.0 = Debug|Any CPU
		{50A95593-2401-E7AF-BAA4-A9C93EAD5F9F}.Release|Any CPU.ActiveCfg = Release|Any CPU
		{50A95593-2401-E7AF-BAA4-A9C93EAD5F9F}.Release|Any CPU.Build.0 = Release|Any CPU
		{F2031312-17AF-A46E-AB83-FD4F4BADA341}.Debug|Any CPU.ActiveCfg = Debug|Any CPU
		{F2031312-17AF-A46E-AB83-FD4F4BADA341}.Debug|Any CPU.Build.0 = Debug|Any CPU
		{F2031312-17AF-A46E-AB83-FD4F4BADA341}.Release|Any CPU.ActiveCfg = Release|Any CPU
		{F2031312-17AF-A46E-AB83-FD4F4BADA341}.Release|Any CPU.Build.0 = Release|Any CPU
		{77F44E6C-3843-2719-ECD7-C80E25085DAD}.Debug|Any CPU.ActiveCfg = Debug|Any CPU
		{77F44E6C-3843-2719-ECD7-C80E25085DAD}.Debug|Any CPU.Build.0 = Debug|Any CPU
		{77F44E6C-3843-2719-ECD7-C80E25085DAD}.Release|Any CPU.ActiveCfg = Release|Any CPU
		{77F44E6C-3843-2719-ECD7-C80E25085DAD}.Release|Any CPU.Build.0 = Release|Any CPU
		{4D5256E4-778A-BB10-B475-0EAAEC9F970A}.Debug|Any CPU.ActiveCfg = Debug|Any CPU
		{4D5256E4-778A-BB10-B475-0EAAEC9F970A}.Debug|Any CPU.Build.0 = Debug|Any CPU
		{4D5256E4-778A-BB10-B475-0EAAEC9F970A}.Release|Any CPU.ActiveCfg = Release|Any CPU
		{4D5256E4-778A-BB10-B475-0EAAEC9F970A}.Release|Any CPU.Build.0 = Release|Any CPU
		{32CB91DA-A536-1189-9C1F-7E183A20F760}.Debug|Any CPU.ActiveCfg = Debug|Any CPU
		{32CB91DA-A536-1189-9C1F-7E183A20F760}.Debug|Any CPU.Build.0 = Debug|Any CPU
		{32CB91DA-A536-1189-9C1F-7E183A20F760}.Release|Any CPU.ActiveCfg = Release|Any CPU
		{32CB91DA-A536-1189-9C1F-7E183A20F760}.Release|Any CPU.Build.0 = Release|Any CPU
		{9A0078CD-7116-8747-6F1B-5EE2549418F9}.Debug|Any CPU.ActiveCfg = Debug|Any CPU
		{9A0078CD-7116-8747-6F1B-5EE2549418F9}.Debug|Any CPU.Build.0 = Debug|Any CPU
		{9A0078CD-7116-8747-6F1B-5EE2549418F9}.Release|Any CPU.ActiveCfg = Release|Any CPU
		{9A0078CD-7116-8747-6F1B-5EE2549418F9}.Release|Any CPU.Build.0 = Release|Any CPU
		{DB972A73-4ED3-E1B2-672C-2303F09935BC}.Debug|Any CPU.ActiveCfg = Debug|Any CPU
		{DB972A73-4ED3-E1B2-672C-2303F09935BC}.Debug|Any CPU.Build.0 = Debug|Any CPU
		{DB972A73-4ED3-E1B2-672C-2303F09935BC}.Release|Any CPU.ActiveCfg = Release|Any CPU
		{DB972A73-4ED3-E1B2-672C-2303F09935BC}.Release|Any CPU.Build.0 = Release|Any CPU
		{D9B52CCE-7CB1-7731-5FBA-C16AE2E046B8}.Debug|Any CPU.ActiveCfg = Debug|Any CPU
		{D9B52CCE-7CB1-7731-5FBA-C16AE2E046B8}.Debug|Any CPU.Build.0 = Debug|Any CPU
		{D9B52CCE-7CB1-7731-5FBA-C16AE2E046B8}.Release|Any CPU.ActiveCfg = Release|Any CPU
		{D9B52CCE-7CB1-7731-5FBA-C16AE2E046B8}.Release|Any CPU.Build.0 = Release|Any CPU
		{437D503B-E97B-944A-2B63-F370CD4A4A7D}.Debug|Any CPU.ActiveCfg = Debug|Any CPU
		{437D503B-E97B-944A-2B63-F370CD4A4A7D}.Debug|Any CPU.Build.0 = Debug|Any CPU
		{437D503B-E97B-944A-2B63-F370CD4A4A7D}.Release|Any CPU.ActiveCfg = Release|Any CPU
		{437D503B-E97B-944A-2B63-F370CD4A4A7D}.Release|Any CPU.Build.0 = Release|Any CPU
		{461F4B1E-25DE-AD59-5C2D-59D9B1EA284F}.Debug|Any CPU.ActiveCfg = Debug|Any CPU
		{461F4B1E-25DE-AD59-5C2D-59D9B1EA284F}.Debug|Any CPU.Build.0 = Debug|Any CPU
		{461F4B1E-25DE-AD59-5C2D-59D9B1EA284F}.Release|Any CPU.ActiveCfg = Release|Any CPU
		{461F4B1E-25DE-AD59-5C2D-59D9B1EA284F}.Release|Any CPU.Build.0 = Release|Any CPU
		{7A880C6B-8922-D4E6-04D5-C5FC3FEF1D0D}.Debug|Any CPU.ActiveCfg = Debug|Any CPU
		{7A880C6B-8922-D4E6-04D5-C5FC3FEF1D0D}.Debug|Any CPU.Build.0 = Debug|Any CPU
		{7A880C6B-8922-D4E6-04D5-C5FC3FEF1D0D}.Release|Any CPU.ActiveCfg = Release|Any CPU
		{7A880C6B-8922-D4E6-04D5-C5FC3FEF1D0D}.Release|Any CPU.Build.0 = Release|Any CPU
		{7478E72E-9637-5B0A-9D46-742E564EBC7B}.Debug|Any CPU.ActiveCfg = Debug|Any CPU
		{7478E72E-9637-5B0A-9D46-742E564EBC7B}.Debug|Any CPU.Build.0 = Debug|Any CPU
		{7478E72E-9637-5B0A-9D46-742E564EBC7B}.Release|Any CPU.ActiveCfg = Release|Any CPU
		{7478E72E-9637-5B0A-9D46-742E564EBC7B}.Release|Any CPU.Build.0 = Release|Any CPU
		{A36AA99F-321E-CAA2-416E-A3FF34D70870}.Debug|Any CPU.ActiveCfg = Debug|Any CPU
		{A36AA99F-321E-CAA2-416E-A3FF34D70870}.Debug|Any CPU.Build.0 = Debug|Any CPU
		{A36AA99F-321E-CAA2-416E-A3FF34D70870}.Release|Any CPU.ActiveCfg = Release|Any CPU
		{A36AA99F-321E-CAA2-416E-A3FF34D70870}.Release|Any CPU.Build.0 = Release|Any CPU
		{945C58D2-ED9F-8534-3852-5938FAE754F0}.Debug|Any CPU.ActiveCfg = Debug|Any CPU
		{945C58D2-ED9F-8534-3852-5938FAE754F0}.Debug|Any CPU.Build.0 = Debug|Any CPU
		{945C58D2-ED9F-8534-3852-5938FAE754F0}.Release|Any CPU.ActiveCfg = Release|Any CPU
		{945C58D2-ED9F-8534-3852-5938FAE754F0}.Release|Any CPU.Build.0 = Release|Any CPU
		{C4F1FB3A-EC59-BF6A-2F9C-007BF53DC0BF}.Debug|Any CPU.ActiveCfg = Debug|Any CPU
		{C4F1FB3A-EC59-BF6A-2F9C-007BF53DC0BF}.Debug|Any CPU.Build.0 = Debug|Any CPU
		{C4F1FB3A-EC59-BF6A-2F9C-007BF53DC0BF}.Release|Any CPU.ActiveCfg = Release|Any CPU
		{C4F1FB3A-EC59-BF6A-2F9C-007BF53DC0BF}.Release|Any CPU.Build.0 = Release|Any CPU
		{A23877E2-6193-E094-9CC8-A35DB8E242FE}.Debug|Any CPU.ActiveCfg = Debug|Any CPU
		{A23877E2-6193-E094-9CC8-A35DB8E242FE}.Debug|Any CPU.Build.0 = Debug|Any CPU
		{A23877E2-6193-E094-9CC8-A35DB8E242FE}.Release|Any CPU.ActiveCfg = Release|Any CPU
		{A23877E2-6193-E094-9CC8-A35DB8E242FE}.Release|Any CPU.Build.0 = Release|Any CPU
		{52262F1A-AD5A-2C1A-8E6C-E386F229C008}.Debug|Any CPU.ActiveCfg = Debug|Any CPU
		{52262F1A-AD5A-2C1A-8E6C-E386F229C008}.Debug|Any CPU.Build.0 = Debug|Any CPU
		{52262F1A-AD5A-2C1A-8E6C-E386F229C008}.Release|Any CPU.ActiveCfg = Release|Any CPU
		{52262F1A-AD5A-2C1A-8E6C-E386F229C008}.Release|Any CPU.Build.0 = Release|Any CPU
		{6F1B892A-6CDD-E8AA-8CD0-A987659350C5}.Debug|Any CPU.ActiveCfg = Debug|Any CPU
		{6F1B892A-6CDD-E8AA-8CD0-A987659350C5}.Debug|Any CPU.Build.0 = Debug|Any CPU
		{6F1B892A-6CDD-E8AA-8CD0-A987659350C5}.Release|Any CPU.ActiveCfg = Release|Any CPU
		{6F1B892A-6CDD-E8AA-8CD0-A987659350C5}.Release|Any CPU.Build.0 = Release|Any CPU
		{80DDF553-54D3-1D5E-E68C-E3A88D69661C}.Debug|Any CPU.ActiveCfg = Debug|Any CPU
		{80DDF553-54D3-1D5E-E68C-E3A88D69661C}.Debug|Any CPU.Build.0 = Debug|Any CPU
		{80DDF553-54D3-1D5E-E68C-E3A88D69661C}.Release|Any CPU.ActiveCfg = Release|Any CPU
		{80DDF553-54D3-1D5E-E68C-E3A88D69661C}.Release|Any CPU.Build.0 = Release|Any CPU
		{6DA18413-F3DF-DEFB-8BC7-B0FAC9679E1E}.Debug|Any CPU.ActiveCfg = Debug|Any CPU
		{6DA18413-F3DF-DEFB-8BC7-B0FAC9679E1E}.Debug|Any CPU.Build.0 = Debug|Any CPU
		{6DA18413-F3DF-DEFB-8BC7-B0FAC9679E1E}.Release|Any CPU.ActiveCfg = Release|Any CPU
		{6DA18413-F3DF-DEFB-8BC7-B0FAC9679E1E}.Release|Any CPU.Build.0 = Release|Any CPU
		{8CA9B2FE-5348-D6C6-F04F-DEA830CC6F0B}.Debug|Any CPU.ActiveCfg = Debug|Any CPU
		{8CA9B2FE-5348-D6C6-F04F-DEA830CC6F0B}.Debug|Any CPU.Build.0 = Debug|Any CPU
		{8CA9B2FE-5348-D6C6-F04F-DEA830CC6F0B}.Release|Any CPU.ActiveCfg = Release|Any CPU
		{8CA9B2FE-5348-D6C6-F04F-DEA830CC6F0B}.Release|Any CPU.Build.0 = Release|Any CPU
		{0EF602CC-8FF0-859D-F6B2-1642DACDD6E9}.Debug|Any CPU.ActiveCfg = Debug|Any CPU
		{0EF602CC-8FF0-859D-F6B2-1642DACDD6E9}.Debug|Any CPU.Build.0 = Debug|Any CPU
		{0EF602CC-8FF0-859D-F6B2-1642DACDD6E9}.Release|Any CPU.ActiveCfg = Release|Any CPU
		{0EF602CC-8FF0-859D-F6B2-1642DACDD6E9}.Release|Any CPU.Build.0 = Release|Any CPU
		{6E00C0B1-35FE-365D-7080-820376524789}.Debug|Any CPU.ActiveCfg = Debug|Any CPU
		{6E00C0B1-35FE-365D-7080-820376524789}.Debug|Any CPU.Build.0 = Debug|Any CPU
		{6E00C0B1-35FE-365D-7080-820376524789}.Release|Any CPU.ActiveCfg = Release|Any CPU
		{6E00C0B1-35FE-365D-7080-820376524789}.Release|Any CPU.Build.0 = Release|Any CPU
		{0AA7548C-A3ED-EAC2-772C-E7D597B6CA0C}.Debug|Any CPU.ActiveCfg = Debug|Any CPU
		{0AA7548C-A3ED-EAC2-772C-E7D597B6CA0C}.Debug|Any CPU.Build.0 = Debug|Any CPU
		{0AA7548C-A3ED-EAC2-772C-E7D597B6CA0C}.Release|Any CPU.ActiveCfg = Release|Any CPU
		{0AA7548C-A3ED-EAC2-772C-E7D597B6CA0C}.Release|Any CPU.Build.0 = Release|Any CPU
		{801AA665-32E0-0660-E07B-4A94E30FC0DF}.Debug|Any CPU.ActiveCfg = Debug|Any CPU
		{801AA665-32E0-0660-E07B-4A94E30FC0DF}.Debug|Any CPU.Build.0 = Debug|Any CPU
		{801AA665-32E0-0660-E07B-4A94E30FC0DF}.Release|Any CPU.ActiveCfg = Release|Any CPU
		{801AA665-32E0-0660-E07B-4A94E30FC0DF}.Release|Any CPU.Build.0 = Release|Any CPU
		{CFEF4AF1-AB7B-EFB1-26F6-8FD0A4F10039}.Debug|Any CPU.ActiveCfg = Debug|Any CPU
		{CFEF4AF1-AB7B-EFB1-26F6-8FD0A4F10039}.Debug|Any CPU.Build.0 = Debug|Any CPU
		{CFEF4AF1-AB7B-EFB1-26F6-8FD0A4F10039}.Release|Any CPU.ActiveCfg = Release|Any CPU
		{CFEF4AF1-AB7B-EFB1-26F6-8FD0A4F10039}.Release|Any CPU.Build.0 = Release|Any CPU
		{D1D7F2AB-DAA9-6CD0-D195-D46DC08776E6}.Debug|Any CPU.ActiveCfg = Debug|Any CPU
		{D1D7F2AB-DAA9-6CD0-D195-D46DC08776E6}.Debug|Any CPU.Build.0 = Debug|Any CPU
		{D1D7F2AB-DAA9-6CD0-D195-D46DC08776E6}.Release|Any CPU.ActiveCfg = Release|Any CPU
		{D1D7F2AB-DAA9-6CD0-D195-D46DC08776E6}.Release|Any CPU.Build.0 = Release|Any CPU
		{E5ABF876-F4DB-00BE-D758-24E63B93C6E8}.Debug|Any CPU.ActiveCfg = Debug|Any CPU
		{E5ABF876-F4DB-00BE-D758-24E63B93C6E8}.Debug|Any CPU.Build.0 = Debug|Any CPU
		{E5ABF876-F4DB-00BE-D758-24E63B93C6E8}.Release|Any CPU.ActiveCfg = Release|Any CPU
		{E5ABF876-F4DB-00BE-D758-24E63B93C6E8}.Release|Any CPU.Build.0 = Release|Any CPU
		{D5D24F3D-39EA-D9B3-EF71-6466F251DBFC}.Debug|Any CPU.ActiveCfg = Debug|Any CPU
		{D5D24F3D-39EA-D9B3-EF71-6466F251DBFC}.Debug|Any CPU.Build.0 = Debug|Any CPU
		{D5D24F3D-39EA-D9B3-EF71-6466F251DBFC}.Release|Any CPU.ActiveCfg = Release|Any CPU
		{D5D24F3D-39EA-D9B3-EF71-6466F251DBFC}.Release|Any CPU.Build.0 = Release|Any CPU
		{4ABAB668-AF15-1C68-8899-36CA56DD3995}.Debug|Any CPU.ActiveCfg = Debug|Any CPU
		{4ABAB668-AF15-1C68-8899-36CA56DD3995}.Debug|Any CPU.Build.0 = Debug|Any CPU
		{4ABAB668-AF15-1C68-8899-36CA56DD3995}.Release|Any CPU.ActiveCfg = Release|Any CPU
		{4ABAB668-AF15-1C68-8899-36CA56DD3995}.Release|Any CPU.Build.0 = Release|Any CPU
		{F6EFAED2-6D48-2165-64FE-0C7E71270D69}.Debug|Any CPU.ActiveCfg = Debug|Any CPU
		{F6EFAED2-6D48-2165-64FE-0C7E71270D69}.Debug|Any CPU.Build.0 = Debug|Any CPU
		{F6EFAED2-6D48-2165-64FE-0C7E71270D69}.Release|Any CPU.ActiveCfg = Release|Any CPU
		{F6EFAED2-6D48-2165-64FE-0C7E71270D69}.Release|Any CPU.Build.0 = Release|Any CPU
		{802586D9-2784-4049-1542-5F260935878E}.Debug|Any CPU.ActiveCfg = Debug|Any CPU
		{802586D9-2784-4049-1542-5F260935878E}.Debug|Any CPU.Build.0 = Debug|Any CPU
		{802586D9-2784-4049-1542-5F260935878E}.Release|Any CPU.ActiveCfg = Release|Any CPU
		{802586D9-2784-4049-1542-5F260935878E}.Release|Any CPU.Build.0 = Release|Any CPU
		{5DE05E18-51EB-277E-18C0-D04541EC38EF}.Debug|Any CPU.ActiveCfg = Debug|Any CPU
		{5DE05E18-51EB-277E-18C0-D04541EC38EF}.Debug|Any CPU.Build.0 = Debug|Any CPU
		{5DE05E18-51EB-277E-18C0-D04541EC38EF}.Release|Any CPU.ActiveCfg = Release|Any CPU
		{5DE05E18-51EB-277E-18C0-D04541EC38EF}.Release|Any CPU.Build.0 = Release|Any CPU
		{39F5838F-8B13-E175-0879-9981F6FC0FE9}.Debug|Any CPU.ActiveCfg = Debug|Any CPU
		{39F5838F-8B13-E175-0879-9981F6FC0FE9}.Debug|Any CPU.Build.0 = Debug|Any CPU
		{39F5838F-8B13-E175-0879-9981F6FC0FE9}.Release|Any CPU.ActiveCfg = Release|Any CPU
		{39F5838F-8B13-E175-0879-9981F6FC0FE9}.Release|Any CPU.Build.0 = Release|Any CPU
		{781AE14C-3AE2-BC06-B4E3-9272DBCC56E9}.Debug|Any CPU.ActiveCfg = Debug|Any CPU
		{781AE14C-3AE2-BC06-B4E3-9272DBCC56E9}.Debug|Any CPU.Build.0 = Debug|Any CPU
		{781AE14C-3AE2-BC06-B4E3-9272DBCC56E9}.Release|Any CPU.ActiveCfg = Release|Any CPU
		{781AE14C-3AE2-BC06-B4E3-9272DBCC56E9}.Release|Any CPU.Build.0 = Release|Any CPU
		{E00D10AC-EB7C-B2A3-8798-834282EDD693}.Debug|Any CPU.ActiveCfg = Debug|Any CPU
		{E00D10AC-EB7C-B2A3-8798-834282EDD693}.Debug|Any CPU.Build.0 = Debug|Any CPU
		{E00D10AC-EB7C-B2A3-8798-834282EDD693}.Release|Any CPU.ActiveCfg = Release|Any CPU
		{E00D10AC-EB7C-B2A3-8798-834282EDD693}.Release|Any CPU.Build.0 = Release|Any CPU
		{B3BA43EB-45ED-A03F-44D6-CACC6C595D99}.Debug|Any CPU.ActiveCfg = Debug|Any CPU
		{B3BA43EB-45ED-A03F-44D6-CACC6C595D99}.Debug|Any CPU.Build.0 = Debug|Any CPU
		{B3BA43EB-45ED-A03F-44D6-CACC6C595D99}.Release|Any CPU.ActiveCfg = Release|Any CPU
		{B3BA43EB-45ED-A03F-44D6-CACC6C595D99}.Release|Any CPU.Build.0 = Release|Any CPU
		{302C3193-05AE-E702-8BF2-EFE534BF2B71}.Debug|Any CPU.ActiveCfg = Debug|Any CPU
		{302C3193-05AE-E702-8BF2-EFE534BF2B71}.Debug|Any CPU.Build.0 = Debug|Any CPU
		{302C3193-05AE-E702-8BF2-EFE534BF2B71}.Release|Any CPU.ActiveCfg = Release|Any CPU
		{302C3193-05AE-E702-8BF2-EFE534BF2B71}.Release|Any CPU.Build.0 = Release|Any CPU
		{545C611B-99E0-3234-BA56-4B2B3DDE0DEB}.Debug|Any CPU.ActiveCfg = Debug|Any CPU
		{545C611B-99E0-3234-BA56-4B2B3DDE0DEB}.Debug|Any CPU.Build.0 = Debug|Any CPU
		{545C611B-99E0-3234-BA56-4B2B3DDE0DEB}.Release|Any CPU.ActiveCfg = Release|Any CPU
		{545C611B-99E0-3234-BA56-4B2B3DDE0DEB}.Release|Any CPU.Build.0 = Release|Any CPU
		{3FBBF5E6-4F62-3C99-5A89-AF7B57DCF470}.Debug|Any CPU.ActiveCfg = Debug|Any CPU
		{3FBBF5E6-4F62-3C99-5A89-AF7B57DCF470}.Debug|Any CPU.Build.0 = Debug|Any CPU
		{3FBBF5E6-4F62-3C99-5A89-AF7B57DCF470}.Release|Any CPU.ActiveCfg = Release|Any CPU
		{3FBBF5E6-4F62-3C99-5A89-AF7B57DCF470}.Release|Any CPU.Build.0 = Release|Any CPU
		{FAEF9ED4-AB5B-AA4A-8561-62403220CAF1}.Debug|Any CPU.ActiveCfg = Debug|Any CPU
		{FAEF9ED4-AB5B-AA4A-8561-62403220CAF1}.Debug|Any CPU.Build.0 = Debug|Any CPU
		{FAEF9ED4-AB5B-AA4A-8561-62403220CAF1}.Release|Any CPU.ActiveCfg = Release|Any CPU
		{FAEF9ED4-AB5B-AA4A-8561-62403220CAF1}.Release|Any CPU.Build.0 = Release|Any CPU
		{B9AEC42E-D2EE-230B-D025-839F3E3C2E66}.Debug|Any CPU.ActiveCfg = Debug|Any CPU
		{B9AEC42E-D2EE-230B-D025-839F3E3C2E66}.Debug|Any CPU.Build.0 = Debug|Any CPU
		{B9AEC42E-D2EE-230B-D025-839F3E3C2E66}.Release|Any CPU.ActiveCfg = Release|Any CPU
		{B9AEC42E-D2EE-230B-D025-839F3E3C2E66}.Release|Any CPU.Build.0 = Release|Any CPU
		{AB113603-B839-CE83-F25F-41EE9B15DA38}.Debug|Any CPU.ActiveCfg = Debug|Any CPU
		{AB113603-B839-CE83-F25F-41EE9B15DA38}.Debug|Any CPU.Build.0 = Debug|Any CPU
		{AB113603-B839-CE83-F25F-41EE9B15DA38}.Release|Any CPU.ActiveCfg = Release|Any CPU
		{AB113603-B839-CE83-F25F-41EE9B15DA38}.Release|Any CPU.Build.0 = Release|Any CPU
		{0E6AED2E-A74F-9367-0CC6-6725A9A4384A}.Debug|Any CPU.ActiveCfg = Debug|Any CPU
		{0E6AED2E-A74F-9367-0CC6-6725A9A4384A}.Debug|Any CPU.Build.0 = Debug|Any CPU
		{0E6AED2E-A74F-9367-0CC6-6725A9A4384A}.Release|Any CPU.ActiveCfg = Release|Any CPU
		{0E6AED2E-A74F-9367-0CC6-6725A9A4384A}.Release|Any CPU.Build.0 = Release|Any CPU
		{947D3EF8-A2B8-7873-DF16-3C75B3C1AFCA}.Debug|Any CPU.ActiveCfg = Debug|Any CPU
		{947D3EF8-A2B8-7873-DF16-3C75B3C1AFCA}.Debug|Any CPU.Build.0 = Debug|Any CPU
		{947D3EF8-A2B8-7873-DF16-3C75B3C1AFCA}.Release|Any CPU.ActiveCfg = Release|Any CPU
		{947D3EF8-A2B8-7873-DF16-3C75B3C1AFCA}.Release|Any CPU.Build.0 = Release|Any CPU
		{C52863DF-1B9F-44BB-F706-915EE45C4F02}.Debug|Any CPU.ActiveCfg = Debug|Any CPU
		{C52863DF-1B9F-44BB-F706-915EE45C4F02}.Debug|Any CPU.Build.0 = Debug|Any CPU
		{C52863DF-1B9F-44BB-F706-915EE45C4F02}.Release|Any CPU.ActiveCfg = Release|Any CPU
		{C52863DF-1B9F-44BB-F706-915EE45C4F02}.Release|Any CPU.Build.0 = Release|Any CPU
		{D5D9EA78-8E4C-295C-3F1F-472841E64DD0}.Debug|Any CPU.ActiveCfg = Debug|Any CPU
		{D5D9EA78-8E4C-295C-3F1F-472841E64DD0}.Debug|Any CPU.Build.0 = Debug|Any CPU
		{D5D9EA78-8E4C-295C-3F1F-472841E64DD0}.Release|Any CPU.ActiveCfg = Release|Any CPU
		{D5D9EA78-8E4C-295C-3F1F-472841E64DD0}.Release|Any CPU.Build.0 = Release|Any CPU
		{335A59A3-5F6E-5CD2-DB81-8B906C5AC40C}.Debug|Any CPU.ActiveCfg = Debug|Any CPU
		{335A59A3-5F6E-5CD2-DB81-8B906C5AC40C}.Debug|Any CPU.Build.0 = Debug|Any CPU
		{335A59A3-5F6E-5CD2-DB81-8B906C5AC40C}.Release|Any CPU.ActiveCfg = Release|Any CPU
		{335A59A3-5F6E-5CD2-DB81-8B906C5AC40C}.Release|Any CPU.Build.0 = Release|Any CPU
		{D3DD0C0F-BB5C-3B14-EF0A-BFD67F4F3A3E}.Debug|Any CPU.ActiveCfg = Debug|Any CPU
		{D3DD0C0F-BB5C-3B14-EF0A-BFD67F4F3A3E}.Debug|Any CPU.Build.0 = Debug|Any CPU
		{D3DD0C0F-BB5C-3B14-EF0A-BFD67F4F3A3E}.Release|Any CPU.ActiveCfg = Release|Any CPU
		{D3DD0C0F-BB5C-3B14-EF0A-BFD67F4F3A3E}.Release|Any CPU.Build.0 = Release|Any CPU
		{48E12F43-0D84-AC77-94BF-4618252BFB87}.Debug|Any CPU.ActiveCfg = Debug|Any CPU
		{48E12F43-0D84-AC77-94BF-4618252BFB87}.Debug|Any CPU.Build.0 = Debug|Any CPU
		{48E12F43-0D84-AC77-94BF-4618252BFB87}.Release|Any CPU.ActiveCfg = Release|Any CPU
		{48E12F43-0D84-AC77-94BF-4618252BFB87}.Release|Any CPU.Build.0 = Release|Any CPU
		{BD659E4E-7976-AE0C-5C13-D86EA4908D08}.Debug|Any CPU.ActiveCfg = Debug|Any CPU
		{BD659E4E-7976-AE0C-5C13-D86EA4908D08}.Debug|Any CPU.Build.0 = Debug|Any CPU
		{BD659E4E-7976-AE0C-5C13-D86EA4908D08}.Release|Any CPU.ActiveCfg = Release|Any CPU
		{BD659E4E-7976-AE0C-5C13-D86EA4908D08}.Release|Any CPU.Build.0 = Release|Any CPU
		{0722FB91-A47A-5DF0-6388-B5010D347A85}.Debug|Any CPU.ActiveCfg = Debug|Any CPU
		{0722FB91-A47A-5DF0-6388-B5010D347A85}.Debug|Any CPU.Build.0 = Debug|Any CPU
		{0722FB91-A47A-5DF0-6388-B5010D347A85}.Release|Any CPU.ActiveCfg = Release|Any CPU
		{0722FB91-A47A-5DF0-6388-B5010D347A85}.Release|Any CPU.Build.0 = Release|Any CPU
		{D817AC6E-4562-107A-48DE-B65FEB938109}.Debug|Any CPU.ActiveCfg = Debug|Any CPU
		{D817AC6E-4562-107A-48DE-B65FEB938109}.Debug|Any CPU.Build.0 = Debug|Any CPU
		{D817AC6E-4562-107A-48DE-B65FEB938109}.Release|Any CPU.ActiveCfg = Release|Any CPU
		{D817AC6E-4562-107A-48DE-B65FEB938109}.Release|Any CPU.Build.0 = Release|Any CPU
		{2AB593D4-5A61-2993-AEF7-7AF6509A5570}.Debug|Any CPU.ActiveCfg = Debug|Any CPU
		{2AB593D4-5A61-2993-AEF7-7AF6509A5570}.Debug|Any CPU.Build.0 = Debug|Any CPU
		{2AB593D4-5A61-2993-AEF7-7AF6509A5570}.Release|Any CPU.ActiveCfg = Release|Any CPU
		{2AB593D4-5A61-2993-AEF7-7AF6509A5570}.Release|Any CPU.Build.0 = Release|Any CPU
	EndGlobalSection
	GlobalSection(SolutionProperties) = preSolution
		HideSolutionNode = FALSE
	EndGlobalSection
EndGlobal
